
Microsoft Visual Studio Solution File, Format Version 12.00
# Visual Studio Version 17
VisualStudioVersion = 17.3.32819.101
MinimumVisualStudioVersion = 10.0.40219.1
Project("{2150E333-8FDC-42A3-9474-1A3956D46DE8}") = "Services", "Services", "{0220F8D3-CE7D-41C2-91D9-33D3FA5B6652}"
EndProject
Project("{2150E333-8FDC-42A3-9474-1A3956D46DE8}") = "Catalog", "Catalog", "{E45552DA-5559-4BBA-A671-309D1165788B}"
EndProject
Project("{FAE04EC0-301F-11D3-BF4B-00C04F79EFBC}") = "Catalog.API", "Services\Catalog\Catalog.API\Catalog.API.csproj", "{7460618C-9C33-4808-882C-3262C0017520}"
EndProject
Project("{E53339B2-1760-4266-BCC7-CA923CBCF16C}") = "docker-compose", "docker-compose.dcproj", "{0688C356-A1C3-4800-94C2-2A0F05F693D6}"
EndProject
Project("{2150E333-8FDC-42A3-9474-1A3956D46DE8}") = "Basket", "Basket", "{98522E3E-E7AA-4F55-A10F-BDA971C15D36}"
EndProject
Project("{FAE04EC0-301F-11D3-BF4B-00C04F79EFBC}") = "Basket.API", "Services\Basket\Basket.API\Basket.API.csproj", "{A637509A-0AB6-4E94-A007-836315B22C79}"
EndProject
Project("{2150E333-8FDC-42A3-9474-1A3956D46DE8}") = "Discount", "Discount", "{548C45C6-BBAF-405E-86D1-E1EF9FC0AD4D}"
EndProject
Project("{FAE04EC0-301F-11D3-BF4B-00C04F79EFBC}") = "Discount.API", "Services\Discount\Discount.API\Discount.API.csproj", "{2A0BA1CE-C92A-4CB7-8E3E-98EABA911287}"
EndProject
Project("{FAE04EC0-301F-11D3-BF4B-00C04F79EFBC}") = "Discount.Grpc", "Services\Discount\Discount.Grpc\Discount.Grpc.csproj", "{0B1DEB36-0B0B-4661-BA40-FE965DDB382B}"
EndProject
Global
	GlobalSection(SolutionProperties) = preSolution
		HideSolutionNode = FALSE
	EndGlobalSection
	GlobalSection(ExtensibilityGlobals) = postSolution
		SolutionGuid = {403F9B5C-BAE6-4068-8DA5-4AA6817EE591}
	EndGlobalSection
	GlobalSection(SolutionConfigurationPlatforms) = preSolution
		Debug|Any CPU = Debug|Any CPU
		Release|Any CPU = Release|Any CPU
	EndGlobalSection
	GlobalSection(ProjectConfigurationPlatforms) = postSolution
		{7460618C-9C33-4808-882C-3262C0017520}.Debug|Any CPU.ActiveCfg = Debug|Any CPU
		{7460618C-9C33-4808-882C-3262C0017520}.Debug|Any CPU.Build.0 = Debug|Any CPU
		{7460618C-9C33-4808-882C-3262C0017520}.Release|Any CPU.ActiveCfg = Release|Any CPU
		{7460618C-9C33-4808-882C-3262C0017520}.Release|Any CPU.Build.0 = Release|Any CPU
		{0688C356-A1C3-4800-94C2-2A0F05F693D6}.Debug|Any CPU.ActiveCfg = Debug|Any CPU
		{0688C356-A1C3-4800-94C2-2A0F05F693D6}.Debug|Any CPU.Build.0 = Debug|Any CPU
		{0688C356-A1C3-4800-94C2-2A0F05F693D6}.Release|Any CPU.ActiveCfg = Release|Any CPU
		{0688C356-A1C3-4800-94C2-2A0F05F693D6}.Release|Any CPU.Build.0 = Release|Any CPU
		{A637509A-0AB6-4E94-A007-836315B22C79}.Debug|Any CPU.ActiveCfg = Debug|Any CPU
		{A637509A-0AB6-4E94-A007-836315B22C79}.Debug|Any CPU.Build.0 = Debug|Any CPU
		{A637509A-0AB6-4E94-A007-836315B22C79}.Release|Any CPU.ActiveCfg = Release|Any CPU
		{A637509A-0AB6-4E94-A007-836315B22C79}.Release|Any CPU.Build.0 = Release|Any CPU
		{2A0BA1CE-C92A-4CB7-8E3E-98EABA911287}.Debug|Any CPU.ActiveCfg = Debug|Any CPU
		{2A0BA1CE-C92A-4CB7-8E3E-98EABA911287}.Debug|Any CPU.Build.0 = Debug|Any CPU
		{2A0BA1CE-C92A-4CB7-8E3E-98EABA911287}.Release|Any CPU.ActiveCfg = Release|Any CPU
		{2A0BA1CE-C92A-4CB7-8E3E-98EABA911287}.Release|Any CPU.Build.0 = Release|Any CPU
		{0B1DEB36-0B0B-4661-BA40-FE965DDB382B}.Debug|Any CPU.ActiveCfg = Debug|Any CPU
		{0B1DEB36-0B0B-4661-BA40-FE965DDB382B}.Debug|Any CPU.Build.0 = Debug|Any CPU
		{0B1DEB36-0B0B-4661-BA40-FE965DDB382B}.Release|Any CPU.ActiveCfg = Release|Any CPU
		{0B1DEB36-0B0B-4661-BA40-FE965DDB382B}.Release|Any CPU.Build.0 = Release|Any CPU
	EndGlobalSection
	GlobalSection(NestedProjects) = preSolution
		{E45552DA-5559-4BBA-A671-309D1165788B} = {0220F8D3-CE7D-41C2-91D9-33D3FA5B6652}
		{7460618C-9C33-4808-882C-3262C0017520} = {E45552DA-5559-4BBA-A671-309D1165788B}
		{98522E3E-E7AA-4F55-A10F-BDA971C15D36} = {0220F8D3-CE7D-41C2-91D9-33D3FA5B6652}
		{A637509A-0AB6-4E94-A007-836315B22C79} = {98522E3E-E7AA-4F55-A10F-BDA971C15D36}
		{548C45C6-BBAF-405E-86D1-E1EF9FC0AD4D} = {0220F8D3-CE7D-41C2-91D9-33D3FA5B6652}
		{2A0BA1CE-C92A-4CB7-8E3E-98EABA911287} = {548C45C6-BBAF-405E-86D1-E1EF9FC0AD4D}
		{0B1DEB36-0B0B-4661-BA40-FE965DDB382B} = {548C45C6-BBAF-405E-86D1-E1EF9FC0AD4D}
	EndGlobalSection
EndGlobal
